
Microsoft Visual Studio Solution File, Format Version 12.00
# Visual Studio 14
VisualStudioVersion = 14.0.25420.1
MinimumVisualStudioVersion = 10.0.40219.1
Project("{FAE04EC0-301F-11D3-BF4B-00C04F79EFBC}") = "01.SquareArea", "02.SimpleCalculations\01.SquareArea.csproj", "{8A330AC3-2D58-4873-8081-D37CBF4ACB97}"
EndProject
Project("{FAE04EC0-301F-11D3-BF4B-00C04F79EFBC}") = "02.InchesToCentimeters", "02.InchesToCentimeters\02.InchesToCentimeters.csproj", "{5CFF9477-23E9-4E4C-9FF7-0B5F02F71E0C}"
EndProject
Project("{FAE04EC0-301F-11D3-BF4B-00C04F79EFBC}") = "03.GreetingByName", "03.GreetingsByName\03.GreetingByName.csproj", "{94054988-83CB-4D55-B6AB-AC3C31D501C5}"
EndProject
Project("{FAE04EC0-301F-11D3-BF4B-00C04F79EFBC}") = "04.ConcatenateData", "04.ConcatenateData\04.ConcatenateData.csproj", "{1A8FA6CC-E7E8-454E-9C88-4B58549EC0F6}"
EndProject
Project("{FAE04EC0-301F-11D3-BF4B-00C04F79EFBC}") = "05.TrapeziodArea", "05.TrapeziodArea\05.TrapeziodArea.csproj", "{A196E243-F30F-48D4-8FCA-354DDCDFD593}"
EndProject
Project("{FAE04EC0-301F-11D3-BF4B-00C04F79EFBC}") = "06.CircleAreaAndPerimeter", "06.CircleAreaAndPerimeter\06.CircleAreaAndPerimeter.csproj", "{53777C7B-633B-4DD8-9127-36CCE87436AC}"
EndProject
Project("{FAE04EC0-301F-11D3-BF4B-00C04F79EFBC}") = "07.2DRectangleArea", "07.2DRectangleArea\07.2DRectangleArea.csproj", "{7E8DA4C2-8C94-411A-AED9-9F94062E5D4F}"
EndProject
Project("{FAE04EC0-301F-11D3-BF4B-00C04F79EFBC}") = "08.TriangleArea", "08.TriangleArea\08.TriangleArea.csproj", "{FFD27EDD-22BF-4CD5-9E28-6A21B74F7701}"
EndProject
Project("{FAE04EC0-301F-11D3-BF4B-00C04F79EFBC}") = "09.CelsiusToFahrenheit", "09.CelsiusToFahrenheit\09.CelsiusToFahrenheit.csproj", "{CC1BC020-A7AE-4F8C-A917-F98477F22B8B}"
EndProject
Project("{FAE04EC0-301F-11D3-BF4B-00C04F79EFBC}") = "10.RadiansToDegrees", "10.RadiansToDegrees\10.RadiansToDegrees.csproj", "{CAE4F3E7-2CAD-498B-A6F2-F9A166F4716A}"
EndProject
Project("{FAE04EC0-301F-11D3-BF4B-00C04F79EFBC}") = "11.USDtoBGN", "11.USDtoBGN\11.USDtoBGN.csproj", "{0880AB61-ED2D-4C58-AC07-8C6418612960}"
EndProject
Project("{FAE04EC0-301F-11D3-BF4B-00C04F79EFBC}") = "12.CurrencyConverter", "12.CurrencyConverter\12.CurrencyConverter.csproj", "{9B9FA286-41C0-4122-9939-A339B276CACD}"
EndProject
Project("{FAE04EC0-301F-11D3-BF4B-00C04F79EFBC}") = "13.ThousandDaysAfterBirth", "13.ThousandDaysAfterBirth\13.ThousandDaysAfterBirth.csproj", "{614668D5-70F4-4B5D-B002-E88441519C25}"
EndProject
Global
	GlobalSection(SolutionConfigurationPlatforms) = preSolution
		Debug|Any CPU = Debug|Any CPU
		Release|Any CPU = Release|Any CPU
	EndGlobalSection
	GlobalSection(ProjectConfigurationPlatforms) = postSolution
		{8A330AC3-2D58-4873-8081-D37CBF4ACB97}.Debug|Any CPU.ActiveCfg = Debug|Any CPU
		{8A330AC3-2D58-4873-8081-D37CBF4ACB97}.Debug|Any CPU.Build.0 = Debug|Any CPU
		{8A330AC3-2D58-4873-8081-D37CBF4ACB97}.Release|Any CPU.ActiveCfg = Release|Any CPU
		{8A330AC3-2D58-4873-8081-D37CBF4ACB97}.Release|Any CPU.Build.0 = Release|Any CPU
		{5CFF9477-23E9-4E4C-9FF7-0B5F02F71E0C}.Debug|Any CPU.ActiveCfg = Debug|Any CPU
		{5CFF9477-23E9-4E4C-9FF7-0B5F02F71E0C}.Debug|Any CPU.Build.0 = Debug|Any CPU
		{5CFF9477-23E9-4E4C-9FF7-0B5F02F71E0C}.Release|Any CPU.ActiveCfg = Release|Any CPU
		{5CFF9477-23E9-4E4C-9FF7-0B5F02F71E0C}.Release|Any CPU.Build.0 = Release|Any CPU
		{94054988-83CB-4D55-B6AB-AC3C31D501C5}.Debug|Any CPU.ActiveCfg = Debug|Any CPU
		{94054988-83CB-4D55-B6AB-AC3C31D501C5}.Debug|Any CPU.Build.0 = Debug|Any CPU
		{94054988-83CB-4D55-B6AB-AC3C31D501C5}.Release|Any CPU.ActiveCfg = Release|Any CPU
		{94054988-83CB-4D55-B6AB-AC3C31D501C5}.Release|Any CPU.Build.0 = Release|Any CPU
		{1A8FA6CC-E7E8-454E-9C88-4B58549EC0F6}.Debug|Any CPU.ActiveCfg = Debug|Any CPU
		{1A8FA6CC-E7E8-454E-9C88-4B58549EC0F6}.Debug|Any CPU.Build.0 = Debug|Any CPU
		{1A8FA6CC-E7E8-454E-9C88-4B58549EC0F6}.Release|Any CPU.ActiveCfg = Release|Any CPU
		{1A8FA6CC-E7E8-454E-9C88-4B58549EC0F6}.Release|Any CPU.Build.0 = Release|Any CPU
		{A196E243-F30F-48D4-8FCA-354DDCDFD593}.Debug|Any CPU.ActiveCfg = Debug|Any CPU
		{A196E243-F30F-48D4-8FCA-354DDCDFD593}.Debug|Any CPU.Build.0 = Debug|Any CPU
		{A196E243-F30F-48D4-8FCA-354DDCDFD593}.Release|Any CPU.ActiveCfg = Release|Any CPU
		{A196E243-F30F-48D4-8FCA-354DDCDFD593}.Release|Any CPU.Build.0 = Release|Any CPU
		{53777C7B-633B-4DD8-9127-36CCE87436AC}.Debug|Any CPU.ActiveCfg = Debug|Any CPU
		{53777C7B-633B-4DD8-9127-36CCE87436AC}.Debug|Any CPU.Build.0 = Debug|Any CPU
		{53777C7B-633B-4DD8-9127-36CCE87436AC}.Release|Any CPU.ActiveCfg = Release|Any CPU
		{53777C7B-633B-4DD8-9127-36CCE87436AC}.Release|Any CPU.Build.0 = Release|Any CPU
		{7E8DA4C2-8C94-411A-AED9-9F94062E5D4F}.Debug|Any CPU.ActiveCfg = Debug|Any CPU
		{7E8DA4C2-8C94-411A-AED9-9F94062E5D4F}.Debug|Any CPU.Build.0 = Debug|Any CPU
		{7E8DA4C2-8C94-411A-AED9-9F94062E5D4F}.Release|Any CPU.ActiveCfg = Release|Any CPU
		{7E8DA4C2-8C94-411A-AED9-9F94062E5D4F}.Release|Any CPU.Build.0 = Release|Any CPU
		{FFD27EDD-22BF-4CD5-9E28-6A21B74F7701}.Debug|Any CPU.ActiveCfg = Debug|Any CPU
		{FFD27EDD-22BF-4CD5-9E28-6A21B74F7701}.Debug|Any CPU.Build.0 = Debug|Any CPU
		{FFD27EDD-22BF-4CD5-9E28-6A21B74F7701}.Release|Any CPU.ActiveCfg = Release|Any CPU
		{FFD27EDD-22BF-4CD5-9E28-6A21B74F7701}.Release|Any CPU.Build.0 = Release|Any CPU
		{CC1BC020-A7AE-4F8C-A917-F98477F22B8B}.Debug|Any CPU.ActiveCfg = Debug|Any CPU
		{CC1BC020-A7AE-4F8C-A917-F98477F22B8B}.Debug|Any CPU.Build.0 = Debug|Any CPU
		{CC1BC020-A7AE-4F8C-A917-F98477F22B8B}.Release|Any CPU.ActiveCfg = Release|Any CPU
		{CC1BC020-A7AE-4F8C-A917-F98477F22B8B}.Release|Any CPU.Build.0 = Release|Any CPU
		{CAE4F3E7-2CAD-498B-A6F2-F9A166F4716A}.Debug|Any CPU.ActiveCfg = Debug|Any CPU
		{CAE4F3E7-2CAD-498B-A6F2-F9A166F4716A}.Debug|Any CPU.Build.0 = Debug|Any CPU
		{CAE4F3E7-2CAD-498B-A6F2-F9A166F4716A}.Release|Any CPU.ActiveCfg = Release|Any CPU
		{CAE4F3E7-2CAD-498B-A6F2-F9A166F4716A}.Release|Any CPU.Build.0 = Release|Any CPU
		{0880AB61-ED2D-4C58-AC07-8C6418612960}.Debug|Any CPU.ActiveCfg = Debug|Any CPU
		{0880AB61-ED2D-4C58-AC07-8C6418612960}.Debug|Any CPU.Build.0 = Debug|Any CPU
		{0880AB61-ED2D-4C58-AC07-8C6418612960}.Release|Any CPU.ActiveCfg = Release|Any CPU
		{0880AB61-ED2D-4C58-AC07-8C6418612960}.Release|Any CPU.Build.0 = Release|Any CPU
		{9B9FA286-41C0-4122-9939-A339B276CACD}.Debug|Any CPU.ActiveCfg = Debug|Any CPU
		{9B9FA286-41C0-4122-9939-A339B276CACD}.Debug|Any CPU.Build.0 = Debug|Any CPU
		{9B9FA286-41C0-4122-9939-A339B276CACD}.Release|Any CPU.ActiveCfg = Release|Any CPU
		{9B9FA286-41C0-4122-9939-A339B276CACD}.Release|Any CPU.Build.0 = Release|Any CPU
		{614668D5-70F4-4B5D-B002-E88441519C25}.Debug|Any CPU.ActiveCfg = Debug|Any CPU
		{614668D5-70F4-4B5D-B002-E88441519C25}.Debug|Any CPU.Build.0 = Debug|Any CPU
		{614668D5-70F4-4B5D-B002-E88441519C25}.Release|Any CPU.ActiveCfg = Release|Any CPU
		{614668D5-70F4-4B5D-B002-E88441519C25}.Release|Any CPU.Build.0 = Release|Any CPU
	EndGlobalSection
	GlobalSection(SolutionProperties) = preSolution
		HideSolutionNode = FALSE
	EndGlobalSection
EndGlobal
