
Microsoft Visual Studio Solution File, Format Version 12.00
# Visual Studio 15
VisualStudioVersion = 15.0.26403.7
MinimumVisualStudioVersion = 10.0.40219.1
Project("{FAE04EC0-301F-11D3-BF4B-00C04F79EFBC}") = "02.ConditionalStatementsAndLoopsExercises", "02.ConditionalStatementsAndLoopsExercises\02.ConditionalStatementsAndLoopsExercises.csproj", "{2581B2AD-58AD-4F02-9AC7-250F90DEB82A}"
EndProject
Project("{FAE04EC0-301F-11D3-BF4B-00C04F79EFBC}") = "02.ChooseDrink2.0", "02.ChooseDrink2.0\02.ChooseDrink2.0.csproj", "{F78F6D23-E61E-451A-89C7-90157F897E1B}"
EndProject
Project("{FAE04EC0-301F-11D3-BF4B-00C04F79EFBC}") = "03.RestaurantDiscount", "03.RestaurantDiscount\03.RestaurantDiscount.csproj", "{B444DDC9-CF98-4FA6-9BE7-4BD61122526B}"
EndProject
Project("{FAE04EC0-301F-11D3-BF4B-00C04F79EFBC}") = "04.Hotel", "04.Hotel\04.Hotel.csproj", "{DBBFE7D2-1708-4EB7-9877-C70E0DFA6529}"
EndProject
Project("{FAE04EC0-301F-11D3-BF4B-00C04F79EFBC}") = "05.WordInPlural", "05.WordInPlural\05.WordInPlural.csproj", "{E366EC55-3AE3-4234-8D84-3A9A61A7A379}"
EndProject
Project("{FAE04EC0-301F-11D3-BF4B-00C04F79EFBC}") = "06.IntervalOfNumbers", "06.IntervalOfNumbers\06.IntervalOfNumbers.csproj", "{705DB473-BC16-4E8A-8294-7054A66D9B27}"
EndProject
Project("{FAE04EC0-301F-11D3-BF4B-00C04F79EFBC}") = "07.CakeIngredients", "07.CakeIngredients\07.CakeIngredients.csproj", "{FEBBC75C-21E2-460B-8E88-B256B131A295}"
EndProject
Project("{FAE04EC0-301F-11D3-BF4B-00C04F79EFBC}") = "08.CaloriesCounter", "08.CaloriesCounter\08.CaloriesCounter.csproj", "{DD8163D4-8AA0-4DFA-B48A-F0985CE82BC2}"
EndProject
Project("{FAE04EC0-301F-11D3-BF4B-00C04F79EFBC}") = "09.CountTheIntegers", "09.CountTheIntegers\09.CountTheIntegers.csproj", "{F3E5DD6C-E7E4-4047-BCE1-C8801061D833}"
EndProject
Project("{FAE04EC0-301F-11D3-BF4B-00C04F79EFBC}") = "10.TriangleOfNumbers", "10.TriangleOfNumbers\10.TriangleOfNumbers.csproj", "{436E9CA9-67E1-4AA1-A0B1-F531C5ABB80E}"
EndProject
Project("{FAE04EC0-301F-11D3-BF4B-00C04F79EFBC}") = "11.FiveDifferentNumbers", "11.FiveDifferentNumbers\11.FiveDifferentNumbers.csproj", "{23982A22-99EA-4296-9F20-CFD366408E01}"
EndProject
Project("{FAE04EC0-301F-11D3-BF4B-00C04F79EFBC}") = "12.TestNumbers", "12.TestNumbers\12.TestNumbers.csproj", "{B7399672-1C99-436A-BB82-9F34D91DC0EC}"
EndProject
Project("{FAE04EC0-301F-11D3-BF4B-00C04F79EFBC}") = "13.GameOfNumbers", "13.GameOfNumbers\13.GameOfNumbers.csproj", "{46997098-971C-46FD-A9C4-61C989E4B6EE}"
EndProject
Project("{FAE04EC0-301F-11D3-BF4B-00C04F79EFBC}") = "13.MagicLetter", "13.MagicLetter\13.MagicLetter.csproj", "{A4251E0C-694F-4BD5-A43E-656F9DF5C62F}"
EndProject
Project("{FAE04EC0-301F-11D3-BF4B-00C04F79EFBC}") = "15.NeighbourWars", "15.NeighbourWars\15.NeighbourWars.csproj", "{F5F416A9-3E01-46FD-BDDA-05B88AA07831}"
EndProject
Global
	GlobalSection(SolutionConfigurationPlatforms) = preSolution
		Debug|Any CPU = Debug|Any CPU
		Debug|x86 = Debug|x86
		Release|Any CPU = Release|Any CPU
		Release|x86 = Release|x86
	EndGlobalSection
	GlobalSection(ProjectConfigurationPlatforms) = postSolution
		{2581B2AD-58AD-4F02-9AC7-250F90DEB82A}.Debug|Any CPU.ActiveCfg = Debug|Any CPU
		{2581B2AD-58AD-4F02-9AC7-250F90DEB82A}.Debug|Any CPU.Build.0 = Debug|Any CPU
		{2581B2AD-58AD-4F02-9AC7-250F90DEB82A}.Debug|x86.ActiveCfg = Debug|Any CPU
		{2581B2AD-58AD-4F02-9AC7-250F90DEB82A}.Debug|x86.Build.0 = Debug|Any CPU
		{2581B2AD-58AD-4F02-9AC7-250F90DEB82A}.Release|Any CPU.ActiveCfg = Release|Any CPU
		{2581B2AD-58AD-4F02-9AC7-250F90DEB82A}.Release|Any CPU.Build.0 = Release|Any CPU
		{2581B2AD-58AD-4F02-9AC7-250F90DEB82A}.Release|x86.ActiveCfg = Release|Any CPU
		{2581B2AD-58AD-4F02-9AC7-250F90DEB82A}.Release|x86.Build.0 = Release|Any CPU
		{F78F6D23-E61E-451A-89C7-90157F897E1B}.Debug|Any CPU.ActiveCfg = Debug|Any CPU
		{F78F6D23-E61E-451A-89C7-90157F897E1B}.Debug|Any CPU.Build.0 = Debug|Any CPU
		{F78F6D23-E61E-451A-89C7-90157F897E1B}.Debug|x86.ActiveCfg = Debug|Any CPU
		{F78F6D23-E61E-451A-89C7-90157F897E1B}.Debug|x86.Build.0 = Debug|Any CPU
		{F78F6D23-E61E-451A-89C7-90157F897E1B}.Release|Any CPU.ActiveCfg = Release|Any CPU
		{F78F6D23-E61E-451A-89C7-90157F897E1B}.Release|Any CPU.Build.0 = Release|Any CPU
		{F78F6D23-E61E-451A-89C7-90157F897E1B}.Release|x86.ActiveCfg = Release|Any CPU
		{F78F6D23-E61E-451A-89C7-90157F897E1B}.Release|x86.Build.0 = Release|Any CPU
		{B444DDC9-CF98-4FA6-9BE7-4BD61122526B}.Debug|Any CPU.ActiveCfg = Debug|Any CPU
		{B444DDC9-CF98-4FA6-9BE7-4BD61122526B}.Debug|Any CPU.Build.0 = Debug|Any CPU
		{B444DDC9-CF98-4FA6-9BE7-4BD61122526B}.Debug|x86.ActiveCfg = Debug|Any CPU
		{B444DDC9-CF98-4FA6-9BE7-4BD61122526B}.Debug|x86.Build.0 = Debug|Any CPU
		{B444DDC9-CF98-4FA6-9BE7-4BD61122526B}.Release|Any CPU.ActiveCfg = Release|Any CPU
		{B444DDC9-CF98-4FA6-9BE7-4BD61122526B}.Release|Any CPU.Build.0 = Release|Any CPU
		{B444DDC9-CF98-4FA6-9BE7-4BD61122526B}.Release|x86.ActiveCfg = Release|Any CPU
		{B444DDC9-CF98-4FA6-9BE7-4BD61122526B}.Release|x86.Build.0 = Release|Any CPU
		{DBBFE7D2-1708-4EB7-9877-C70E0DFA6529}.Debug|Any CPU.ActiveCfg = Debug|Any CPU
		{DBBFE7D2-1708-4EB7-9877-C70E0DFA6529}.Debug|Any CPU.Build.0 = Debug|Any CPU
		{DBBFE7D2-1708-4EB7-9877-C70E0DFA6529}.Debug|x86.ActiveCfg = Debug|Any CPU
		{DBBFE7D2-1708-4EB7-9877-C70E0DFA6529}.Debug|x86.Build.0 = Debug|Any CPU
		{DBBFE7D2-1708-4EB7-9877-C70E0DFA6529}.Release|Any CPU.ActiveCfg = Release|Any CPU
		{DBBFE7D2-1708-4EB7-9877-C70E0DFA6529}.Release|Any CPU.Build.0 = Release|Any CPU
		{DBBFE7D2-1708-4EB7-9877-C70E0DFA6529}.Release|x86.ActiveCfg = Release|Any CPU
		{DBBFE7D2-1708-4EB7-9877-C70E0DFA6529}.Release|x86.Build.0 = Release|Any CPU
		{E366EC55-3AE3-4234-8D84-3A9A61A7A379}.Debug|Any CPU.ActiveCfg = Debug|Any CPU
		{E366EC55-3AE3-4234-8D84-3A9A61A7A379}.Debug|Any CPU.Build.0 = Debug|Any CPU
		{E366EC55-3AE3-4234-8D84-3A9A61A7A379}.Debug|x86.ActiveCfg = Debug|Any CPU
		{E366EC55-3AE3-4234-8D84-3A9A61A7A379}.Debug|x86.Build.0 = Debug|Any CPU
		{E366EC55-3AE3-4234-8D84-3A9A61A7A379}.Release|Any CPU.ActiveCfg = Release|Any CPU
		{E366EC55-3AE3-4234-8D84-3A9A61A7A379}.Release|Any CPU.Build.0 = Release|Any CPU
		{E366EC55-3AE3-4234-8D84-3A9A61A7A379}.Release|x86.ActiveCfg = Release|Any CPU
		{E366EC55-3AE3-4234-8D84-3A9A61A7A379}.Release|x86.Build.0 = Release|Any CPU
		{705DB473-BC16-4E8A-8294-7054A66D9B27}.Debug|Any CPU.ActiveCfg = Debug|Any CPU
		{705DB473-BC16-4E8A-8294-7054A66D9B27}.Debug|Any CPU.Build.0 = Debug|Any CPU
		{705DB473-BC16-4E8A-8294-7054A66D9B27}.Debug|x86.ActiveCfg = Debug|Any CPU
		{705DB473-BC16-4E8A-8294-7054A66D9B27}.Debug|x86.Build.0 = Debug|Any CPU
		{705DB473-BC16-4E8A-8294-7054A66D9B27}.Release|Any CPU.ActiveCfg = Release|Any CPU
		{705DB473-BC16-4E8A-8294-7054A66D9B27}.Release|Any CPU.Build.0 = Release|Any CPU
		{705DB473-BC16-4E8A-8294-7054A66D9B27}.Release|x86.ActiveCfg = Release|Any CPU
		{705DB473-BC16-4E8A-8294-7054A66D9B27}.Release|x86.Build.0 = Release|Any CPU
		{FEBBC75C-21E2-460B-8E88-B256B131A295}.Debug|Any CPU.ActiveCfg = Debug|Any CPU
		{FEBBC75C-21E2-460B-8E88-B256B131A295}.Debug|Any CPU.Build.0 = Debug|Any CPU
		{FEBBC75C-21E2-460B-8E88-B256B131A295}.Debug|x86.ActiveCfg = Debug|Any CPU
		{FEBBC75C-21E2-460B-8E88-B256B131A295}.Debug|x86.Build.0 = Debug|Any CPU
		{FEBBC75C-21E2-460B-8E88-B256B131A295}.Release|Any CPU.ActiveCfg = Release|Any CPU
		{FEBBC75C-21E2-460B-8E88-B256B131A295}.Release|Any CPU.Build.0 = Release|Any CPU
		{FEBBC75C-21E2-460B-8E88-B256B131A295}.Release|x86.ActiveCfg = Release|Any CPU
		{FEBBC75C-21E2-460B-8E88-B256B131A295}.Release|x86.Build.0 = Release|Any CPU
		{DD8163D4-8AA0-4DFA-B48A-F0985CE82BC2}.Debug|Any CPU.ActiveCfg = Debug|Any CPU
		{DD8163D4-8AA0-4DFA-B48A-F0985CE82BC2}.Debug|Any CPU.Build.0 = Debug|Any CPU
		{DD8163D4-8AA0-4DFA-B48A-F0985CE82BC2}.Debug|x86.ActiveCfg = Debug|Any CPU
		{DD8163D4-8AA0-4DFA-B48A-F0985CE82BC2}.Debug|x86.Build.0 = Debug|Any CPU
		{DD8163D4-8AA0-4DFA-B48A-F0985CE82BC2}.Release|Any CPU.ActiveCfg = Release|Any CPU
		{DD8163D4-8AA0-4DFA-B48A-F0985CE82BC2}.Release|Any CPU.Build.0 = Release|Any CPU
		{DD8163D4-8AA0-4DFA-B48A-F0985CE82BC2}.Release|x86.ActiveCfg = Release|Any CPU
		{DD8163D4-8AA0-4DFA-B48A-F0985CE82BC2}.Release|x86.Build.0 = Release|Any CPU
		{F3E5DD6C-E7E4-4047-BCE1-C8801061D833}.Debug|Any CPU.ActiveCfg = Debug|Any CPU
		{F3E5DD6C-E7E4-4047-BCE1-C8801061D833}.Debug|Any CPU.Build.0 = Debug|Any CPU
		{F3E5DD6C-E7E4-4047-BCE1-C8801061D833}.Debug|x86.ActiveCfg = Debug|Any CPU
		{F3E5DD6C-E7E4-4047-BCE1-C8801061D833}.Debug|x86.Build.0 = Debug|Any CPU
		{F3E5DD6C-E7E4-4047-BCE1-C8801061D833}.Release|Any CPU.ActiveCfg = Release|Any CPU
		{F3E5DD6C-E7E4-4047-BCE1-C8801061D833}.Release|Any CPU.Build.0 = Release|Any CPU
		{F3E5DD6C-E7E4-4047-BCE1-C8801061D833}.Release|x86.ActiveCfg = Release|Any CPU
		{F3E5DD6C-E7E4-4047-BCE1-C8801061D833}.Release|x86.Build.0 = Release|Any CPU
		{436E9CA9-67E1-4AA1-A0B1-F531C5ABB80E}.Debug|Any CPU.ActiveCfg = Debug|Any CPU
		{436E9CA9-67E1-4AA1-A0B1-F531C5ABB80E}.Debug|Any CPU.Build.0 = Debug|Any CPU
		{436E9CA9-67E1-4AA1-A0B1-F531C5ABB80E}.Debug|x86.ActiveCfg = Debug|Any CPU
		{436E9CA9-67E1-4AA1-A0B1-F531C5ABB80E}.Debug|x86.Build.0 = Debug|Any CPU
		{436E9CA9-67E1-4AA1-A0B1-F531C5ABB80E}.Release|Any CPU.ActiveCfg = Release|Any CPU
		{436E9CA9-67E1-4AA1-A0B1-F531C5ABB80E}.Release|Any CPU.Build.0 = Release|Any CPU
		{436E9CA9-67E1-4AA1-A0B1-F531C5ABB80E}.Release|x86.ActiveCfg = Release|Any CPU
		{436E9CA9-67E1-4AA1-A0B1-F531C5ABB80E}.Release|x86.Build.0 = Release|Any CPU
		{23982A22-99EA-4296-9F20-CFD366408E01}.Debug|Any CPU.ActiveCfg = Debug|Any CPU
		{23982A22-99EA-4296-9F20-CFD366408E01}.Debug|Any CPU.Build.0 = Debug|Any CPU
		{23982A22-99EA-4296-9F20-CFD366408E01}.Debug|x86.ActiveCfg = Debug|Any CPU
		{23982A22-99EA-4296-9F20-CFD366408E01}.Debug|x86.Build.0 = Debug|Any CPU
		{23982A22-99EA-4296-9F20-CFD366408E01}.Release|Any CPU.ActiveCfg = Release|Any CPU
		{23982A22-99EA-4296-9F20-CFD366408E01}.Release|Any CPU.Build.0 = Release|Any CPU
		{23982A22-99EA-4296-9F20-CFD366408E01}.Release|x86.ActiveCfg = Release|Any CPU
		{23982A22-99EA-4296-9F20-CFD366408E01}.Release|x86.Build.0 = Release|Any CPU
		{B7399672-1C99-436A-BB82-9F34D91DC0EC}.Debug|Any CPU.ActiveCfg = Debug|Any CPU
		{B7399672-1C99-436A-BB82-9F34D91DC0EC}.Debug|Any CPU.Build.0 = Debug|Any CPU
		{B7399672-1C99-436A-BB82-9F34D91DC0EC}.Debug|x86.ActiveCfg = Debug|Any CPU
		{B7399672-1C99-436A-BB82-9F34D91DC0EC}.Debug|x86.Build.0 = Debug|Any CPU
		{B7399672-1C99-436A-BB82-9F34D91DC0EC}.Release|Any CPU.ActiveCfg = Release|Any CPU
		{B7399672-1C99-436A-BB82-9F34D91DC0EC}.Release|Any CPU.Build.0 = Release|Any CPU
		{B7399672-1C99-436A-BB82-9F34D91DC0EC}.Release|x86.ActiveCfg = Release|Any CPU
		{B7399672-1C99-436A-BB82-9F34D91DC0EC}.Release|x86.Build.0 = Release|Any CPU
		{46997098-971C-46FD-A9C4-61C989E4B6EE}.Debug|Any CPU.ActiveCfg = Debug|Any CPU
		{46997098-971C-46FD-A9C4-61C989E4B6EE}.Debug|Any CPU.Build.0 = Debug|Any CPU
		{46997098-971C-46FD-A9C4-61C989E4B6EE}.Debug|x86.ActiveCfg = Debug|Any CPU
		{46997098-971C-46FD-A9C4-61C989E4B6EE}.Debug|x86.Build.0 = Debug|Any CPU
		{46997098-971C-46FD-A9C4-61C989E4B6EE}.Release|Any CPU.ActiveCfg = Release|Any CPU
		{46997098-971C-46FD-A9C4-61C989E4B6EE}.Release|Any CPU.Build.0 = Release|Any CPU
		{46997098-971C-46FD-A9C4-61C989E4B6EE}.Release|x86.ActiveCfg = Release|Any CPU
		{46997098-971C-46FD-A9C4-61C989E4B6EE}.Release|x86.Build.0 = Release|Any CPU
		{A4251E0C-694F-4BD5-A43E-656F9DF5C62F}.Debug|Any CPU.ActiveCfg = Debug|Any CPU
		{A4251E0C-694F-4BD5-A43E-656F9DF5C62F}.Debug|Any CPU.Build.0 = Debug|Any CPU
		{A4251E0C-694F-4BD5-A43E-656F9DF5C62F}.Debug|x86.ActiveCfg = Debug|Any CPU
		{A4251E0C-694F-4BD5-A43E-656F9DF5C62F}.Debug|x86.Build.0 = Debug|Any CPU
		{A4251E0C-694F-4BD5-A43E-656F9DF5C62F}.Release|Any CPU.ActiveCfg = Release|Any CPU
		{A4251E0C-694F-4BD5-A43E-656F9DF5C62F}.Release|Any CPU.Build.0 = Release|Any CPU
		{A4251E0C-694F-4BD5-A43E-656F9DF5C62F}.Release|x86.ActiveCfg = Release|Any CPU
		{A4251E0C-694F-4BD5-A43E-656F9DF5C62F}.Release|x86.Build.0 = Release|Any CPU
		{F5F416A9-3E01-46FD-BDDA-05B88AA07831}.Debug|Any CPU.ActiveCfg = Debug|Any CPU
		{F5F416A9-3E01-46FD-BDDA-05B88AA07831}.Debug|Any CPU.Build.0 = Debug|Any CPU
		{F5F416A9-3E01-46FD-BDDA-05B88AA07831}.Debug|x86.ActiveCfg = Debug|Any CPU
		{F5F416A9-3E01-46FD-BDDA-05B88AA07831}.Debug|x86.Build.0 = Debug|Any CPU
		{F5F416A9-3E01-46FD-BDDA-05B88AA07831}.Release|Any CPU.ActiveCfg = Release|Any CPU
		{F5F416A9-3E01-46FD-BDDA-05B88AA07831}.Release|Any CPU.Build.0 = Release|Any CPU
		{F5F416A9-3E01-46FD-BDDA-05B88AA07831}.Release|x86.ActiveCfg = Release|Any CPU
		{F5F416A9-3E01-46FD-BDDA-05B88AA07831}.Release|x86.Build.0 = Release|Any CPU
	EndGlobalSection
	GlobalSection(SolutionProperties) = preSolution
		HideSolutionNode = FALSE
	EndGlobalSection
EndGlobal
