
Microsoft Visual Studio Solution File, Format Version 12.00
# Visual Studio 15
VisualStudioVersion = 15.0.26430.15
MinimumVisualStudioVersion = 10.0.40219.1
Project("{FAE04EC0-301F-11D3-BF4B-00C04F79EFBC}") = "22.FilesDirectoriesAndExceptions", "22.FilesDirectoriesAndExceptions\22.FilesDirectoriesAndExceptions.csproj", "{71CF1204-E2A9-4368-842C-DE23405DD145}"
EndProject
Project("{FAE04EC0-301F-11D3-BF4B-00C04F79EFBC}") = "02.LineNumber", "02.LineNumber\02.LineNumber.csproj", "{40EBDC11-BB0F-46C5-9E58-61427B7D6383}"
EndProject
Project("{FAE04EC0-301F-11D3-BF4B-00C04F79EFBC}") = "03.WordCount", "03.WordCount\03.WordCount.csproj", "{BD3FCE44-D6EA-4671-AF21-9C50D37AA703}"
EndProject
Project("{FAE04EC0-301F-11D3-BF4B-00C04F79EFBC}") = "04.MergeFiles", "04.MergeFiles\04.MergeFiles.csproj", "{4B89A2FC-4152-4794-AA3B-6EFFCBE320A6}"
EndProject
Project("{FAE04EC0-301F-11D3-BF4B-00C04F79EFBC}") = "05.FolderSize", "05.FolderSize\05.FolderSize.csproj", "{6970A92D-D9D1-469B-9B5C-5D2DDCEBC695}"
EndProject
Global
	GlobalSection(SolutionConfigurationPlatforms) = preSolution
		Debug|Any CPU = Debug|Any CPU
		Release|Any CPU = Release|Any CPU
	EndGlobalSection
	GlobalSection(ProjectConfigurationPlatforms) = postSolution
		{71CF1204-E2A9-4368-842C-DE23405DD145}.Debug|Any CPU.ActiveCfg = Debug|Any CPU
		{71CF1204-E2A9-4368-842C-DE23405DD145}.Debug|Any CPU.Build.0 = Debug|Any CPU
		{71CF1204-E2A9-4368-842C-DE23405DD145}.Release|Any CPU.ActiveCfg = Release|Any CPU
		{71CF1204-E2A9-4368-842C-DE23405DD145}.Release|Any CPU.Build.0 = Release|Any CPU
		{40EBDC11-BB0F-46C5-9E58-61427B7D6383}.Debug|Any CPU.ActiveCfg = Debug|Any CPU
		{40EBDC11-BB0F-46C5-9E58-61427B7D6383}.Debug|Any CPU.Build.0 = Debug|Any CPU
		{40EBDC11-BB0F-46C5-9E58-61427B7D6383}.Release|Any CPU.ActiveCfg = Release|Any CPU
		{40EBDC11-BB0F-46C5-9E58-61427B7D6383}.Release|Any CPU.Build.0 = Release|Any CPU
		{BD3FCE44-D6EA-4671-AF21-9C50D37AA703}.Debug|Any CPU.ActiveCfg = Debug|Any CPU
		{BD3FCE44-D6EA-4671-AF21-9C50D37AA703}.Debug|Any CPU.Build.0 = Debug|Any CPU
		{BD3FCE44-D6EA-4671-AF21-9C50D37AA703}.Release|Any CPU.ActiveCfg = Release|Any CPU
		{BD3FCE44-D6EA-4671-AF21-9C50D37AA703}.Release|Any CPU.Build.0 = Release|Any CPU
		{4B89A2FC-4152-4794-AA3B-6EFFCBE320A6}.Debug|Any CPU.ActiveCfg = Debug|Any CPU
		{4B89A2FC-4152-4794-AA3B-6EFFCBE320A6}.Debug|Any CPU.Build.0 = Debug|Any CPU
		{4B89A2FC-4152-4794-AA3B-6EFFCBE320A6}.Release|Any CPU.ActiveCfg = Release|Any CPU
		{4B89A2FC-4152-4794-AA3B-6EFFCBE320A6}.Release|Any CPU.Build.0 = Release|Any CPU
		{6970A92D-D9D1-469B-9B5C-5D2DDCEBC695}.Debug|Any CPU.ActiveCfg = Debug|Any CPU
		{6970A92D-D9D1-469B-9B5C-5D2DDCEBC695}.Debug|Any CPU.Build.0 = Debug|Any CPU
		{6970A92D-D9D1-469B-9B5C-5D2DDCEBC695}.Release|Any CPU.ActiveCfg = Release|Any CPU
		{6970A92D-D9D1-469B-9B5C-5D2DDCEBC695}.Release|Any CPU.Build.0 = Release|Any CPU
	EndGlobalSection
	GlobalSection(SolutionProperties) = preSolution
		HideSolutionNode = FALSE
	EndGlobalSection
EndGlobal
