
Microsoft Visual Studio Solution File, Format Version 12.00
# Visual Studio 15
VisualStudioVersion = 15.0.26430.6
MinimumVisualStudioVersion = 10.0.40219.1
Project("{FAE04EC0-301F-11D3-BF4B-00C04F79EFBC}") = "13.Dictionaries", "13.Dictionaries\13.Dictionaries.csproj", "{E0968E09-1301-49C9-B177-850E121F2791}"
EndProject
Project("{FAE04EC0-301F-11D3-BF4B-00C04F79EFBC}") = "02.OddOccurences", "02.OddOccurences\02.OddOccurences.csproj", "{E868F079-00E5-4937-9FDF-CDB7A45967CF}"
EndProject
Global
	GlobalSection(SolutionConfigurationPlatforms) = preSolution
		Debug|Any CPU = Debug|Any CPU
		Release|Any CPU = Release|Any CPU
	EndGlobalSection
	GlobalSection(ProjectConfigurationPlatforms) = postSolution
		{E0968E09-1301-49C9-B177-850E121F2791}.Debug|Any CPU.ActiveCfg = Debug|Any CPU
		{E0968E09-1301-49C9-B177-850E121F2791}.Debug|Any CPU.Build.0 = Debug|Any CPU
		{E0968E09-1301-49C9-B177-850E121F2791}.Release|Any CPU.ActiveCfg = Release|Any CPU
		{E0968E09-1301-49C9-B177-850E121F2791}.Release|Any CPU.Build.0 = Release|Any CPU
		{E868F079-00E5-4937-9FDF-CDB7A45967CF}.Debug|Any CPU.ActiveCfg = Debug|Any CPU
		{E868F079-00E5-4937-9FDF-CDB7A45967CF}.Debug|Any CPU.Build.0 = Debug|Any CPU
		{E868F079-00E5-4937-9FDF-CDB7A45967CF}.Release|Any CPU.ActiveCfg = Release|Any CPU
		{E868F079-00E5-4937-9FDF-CDB7A45967CF}.Release|Any CPU.Build.0 = Release|Any CPU
	EndGlobalSection
	GlobalSection(SolutionProperties) = preSolution
		HideSolutionNode = FALSE
	EndGlobalSection
EndGlobal
